
Microsoft Visual Studio Solution File, Format Version 12.00
# Visual Studio Version 17
VisualStudioVersion = 17.10.34902.84
MinimumVisualStudioVersion = 10.0.40219.1
Project("{FAE04EC0-301F-11D3-BF4B-00C04F79EFBC}") = "QueensFamilyPharmacy", "QueensFamilyPharmacy\QueensFamilyPharmacy.csproj", "{CF5F7F66-B48F-460D-AC6A-4904FC4E13D3}"
EndProject
Global
	GlobalSection(SolutionConfigurationPlatforms) = preSolution
		Debug|Any CPU = Debug|Any CPU
		Release|Any CPU = Release|Any CPU
	EndGlobalSection
	GlobalSection(ProjectConfigurationPlatforms) = postSolution
		{CF5F7F66-B48F-460D-AC6A-4904FC4E13D3}.Debug|Any CPU.ActiveCfg = Debug|Any CPU
		{CF5F7F66-B48F-460D-AC6A-4904FC4E13D3}.Debug|Any CPU.Build.0 = Debug|Any CPU
		{CF5F7F66-B48F-460D-AC6A-4904FC4E13D3}.Release|Any CPU.ActiveCfg = Release|Any CPU
		{CF5F7F66-B48F-460D-AC6A-4904FC4E13D3}.Release|Any CPU.Build.0 = Release|Any CPU
	EndGlobalSection
	GlobalSection(SolutionProperties) = preSolution
		HideSolutionNode = FALSE
	EndGlobalSection
	GlobalSection(ExtensibilityGlobals) = postSolution
		SolutionGuid = {B6859290-9F5F-47D8-94D1-4D69B20C4CA7}
	EndGlobalSection
EndGlobal
